
Microsoft Visual Studio Solution File, Format Version 12.00
# Visual Studio 2013
VisualStudioVersion = 12.0.31101.0
MinimumVisualStudioVersion = 10.0.40219.1
Project("{FAE04EC0-301F-11D3-BF4B-00C04F79EFBC}") = "NBi.Core", "NBi.Core\NBi.Core.csproj", "{3F730647-FE31-4907-8A6E-A0C4A0C970EA}"
EndProject
Project("{FAE04EC0-301F-11D3-BF4B-00C04F79EFBC}") = "NBi.Testing", "NBi.Testing\NBi.Testing.csproj", "{6AEEBCF9-90B3-4594-B015-8BBBE9E126EF}"
EndProject
Project("{2150E333-8FDC-42A3-9474-1A3956D46DE8}") = "Execution", "Execution", "{DA70ECE5-216D-43A1-9E14-902E06050B8E}"
	ProjectSection(SolutionItems) = preProject
		AssemblyInfo.cs = AssemblyInfo.cs
	EndProjectSection
EndProject
Project("{FAE04EC0-301F-11D3-BF4B-00C04F79EFBC}") = "NBi.NUnit", "NBi.NUnit\NBi.NUnit.csproj", "{66314704-AA76-4153-80D8-CA2C5FF06976}"
EndProject
Project("{FAE04EC0-301F-11D3-BF4B-00C04F79EFBC}") = "NBi.Xml", "NBi.Xml\NBi.Xml.csproj", "{3A9822B3-CCE4-441B-9C3E-D52817A994CA}"
EndProject
Project("{FAE04EC0-301F-11D3-BF4B-00C04F79EFBC}") = "NBi.NUnit.Runtime", "NBi.NUnit.Runtime\NBi.NUnit.Runtime.csproj", "{5AA137A9-C158-4A4F-B07D-3DF787618C24}"
EndProject
Project("{2150E333-8FDC-42A3-9474-1A3956D46DE8}") = ".nuget", ".nuget", "{C217FD2D-79B4-4A88-B900-C4DD5FD6F92D}"
	ProjectSection(SolutionItems) = preProject
		.nuget\NuGet.Config = .nuget\NuGet.Config
		.nuget\NuGet.exe = .nuget\NuGet.exe
		.nuget\NuGet.targets = .nuget\NuGet.targets
	EndProjectSection
EndProject
Project("{2150E333-8FDC-42A3-9474-1A3956D46DE8}") = "Generation", "Generation", "{C6B7BEE9-9968-4C0F-B584-4FE09E421B24}"
EndProject
Project("{FAE04EC0-301F-11D3-BF4B-00C04F79EFBC}") = "NBi.Service", "NBi.Services\NBi.Service.csproj", "{A9C7E50A-1D3D-4C6D-9C56-8EA8925FE2D6}"
EndProject
Project("{FAE04EC0-301F-11D3-BF4B-00C04F79EFBC}") = "NBi.UI.Genbi", "NBi.UI.Genbi\NBi.UI.Genbi.csproj", "{28B43C12-C599-49CD-B712-92B5590A6F20}"
EndProject
Project("{FAE04EC0-301F-11D3-BF4B-00C04F79EFBC}") = "NBi.GenbiL", "NBi.genbiL\NBi.GenbiL.csproj", "{DFB8AA0E-A144-49E3-976B-AD03BF2A55E7}"
EndProject
Project("{FAE04EC0-301F-11D3-BF4B-00C04F79EFBC}") = "NBi.Framework", "NBi.Framework\NBi.Framework.csproj", "{1AD339DC-60E0-4334-86CF-60EEAFEAA6E4}"
EndProject
Global
	GlobalSection(SolutionConfigurationPlatforms) = preSolution
		Debug|Any CPU = Debug|Any CPU
		Debug|Mixed Platforms = Debug|Mixed Platforms
		Debug|x64 = Debug|x64
		Debug|x86 = Debug|x86
		Release|Any CPU = Release|Any CPU
		Release|Mixed Platforms = Release|Mixed Platforms
		Release|x64 = Release|x64
		Release|x86 = Release|x86
	EndGlobalSection
	GlobalSection(ProjectConfigurationPlatforms) = postSolution
		{3F730647-FE31-4907-8A6E-A0C4A0C970EA}.Debug|Any CPU.ActiveCfg = Debug|Any CPU
		{3F730647-FE31-4907-8A6E-A0C4A0C970EA}.Debug|Any CPU.Build.0 = Debug|Any CPU
		{3F730647-FE31-4907-8A6E-A0C4A0C970EA}.Debug|Mixed Platforms.ActiveCfg = Debug|Any CPU
		{3F730647-FE31-4907-8A6E-A0C4A0C970EA}.Debug|Mixed Platforms.Build.0 = Debug|Any CPU
		{3F730647-FE31-4907-8A6E-A0C4A0C970EA}.Debug|x64.ActiveCfg = Debug|x64
		{3F730647-FE31-4907-8A6E-A0C4A0C970EA}.Debug|x64.Build.0 = Debug|x64
		{3F730647-FE31-4907-8A6E-A0C4A0C970EA}.Debug|x86.ActiveCfg = Release|Any CPU
		{3F730647-FE31-4907-8A6E-A0C4A0C970EA}.Debug|x86.Build.0 = Release|Any CPU
		{3F730647-FE31-4907-8A6E-A0C4A0C970EA}.Release|Any CPU.ActiveCfg = Release|Any CPU
		{3F730647-FE31-4907-8A6E-A0C4A0C970EA}.Release|Any CPU.Build.0 = Release|Any CPU
		{3F730647-FE31-4907-8A6E-A0C4A0C970EA}.Release|Mixed Platforms.ActiveCfg = Release|Any CPU
		{3F730647-FE31-4907-8A6E-A0C4A0C970EA}.Release|Mixed Platforms.Build.0 = Release|Any CPU
		{3F730647-FE31-4907-8A6E-A0C4A0C970EA}.Release|x64.ActiveCfg = Release|x64
		{3F730647-FE31-4907-8A6E-A0C4A0C970EA}.Release|x64.Build.0 = Release|x64
		{3F730647-FE31-4907-8A6E-A0C4A0C970EA}.Release|x86.ActiveCfg = Release|Any CPU
		{3F730647-FE31-4907-8A6E-A0C4A0C970EA}.Release|x86.Build.0 = Release|Any CPU
		{6AEEBCF9-90B3-4594-B015-8BBBE9E126EF}.Debug|Any CPU.ActiveCfg = Debug|Any CPU
		{6AEEBCF9-90B3-4594-B015-8BBBE9E126EF}.Debug|Any CPU.Build.0 = Debug|Any CPU
		{6AEEBCF9-90B3-4594-B015-8BBBE9E126EF}.Debug|Mixed Platforms.ActiveCfg = Debug|Any CPU
		{6AEEBCF9-90B3-4594-B015-8BBBE9E126EF}.Debug|Mixed Platforms.Build.0 = Debug|Any CPU
		{6AEEBCF9-90B3-4594-B015-8BBBE9E126EF}.Debug|x64.ActiveCfg = Debug|x64
		{6AEEBCF9-90B3-4594-B015-8BBBE9E126EF}.Debug|x64.Build.0 = Debug|x64
		{6AEEBCF9-90B3-4594-B015-8BBBE9E126EF}.Debug|x86.ActiveCfg = Release|Any CPU
		{6AEEBCF9-90B3-4594-B015-8BBBE9E126EF}.Debug|x86.Build.0 = Release|Any CPU
		{6AEEBCF9-90B3-4594-B015-8BBBE9E126EF}.Release|Any CPU.ActiveCfg = Release|Any CPU
		{6AEEBCF9-90B3-4594-B015-8BBBE9E126EF}.Release|Any CPU.Build.0 = Release|Any CPU
		{6AEEBCF9-90B3-4594-B015-8BBBE9E126EF}.Release|Mixed Platforms.ActiveCfg = Release|Any CPU
		{6AEEBCF9-90B3-4594-B015-8BBBE9E126EF}.Release|Mixed Platforms.Build.0 = Release|Any CPU
		{6AEEBCF9-90B3-4594-B015-8BBBE9E126EF}.Release|x64.ActiveCfg = Release|x64
		{6AEEBCF9-90B3-4594-B015-8BBBE9E126EF}.Release|x64.Build.0 = Release|x64
		{6AEEBCF9-90B3-4594-B015-8BBBE9E126EF}.Release|x86.ActiveCfg = Release|Any CPU
		{6AEEBCF9-90B3-4594-B015-8BBBE9E126EF}.Release|x86.Build.0 = Release|Any CPU
		{66314704-AA76-4153-80D8-CA2C5FF06976}.Debug|Any CPU.ActiveCfg = Debug|Any CPU
		{66314704-AA76-4153-80D8-CA2C5FF06976}.Debug|Any CPU.Build.0 = Debug|Any CPU
		{66314704-AA76-4153-80D8-CA2C5FF06976}.Debug|Mixed Platforms.ActiveCfg = Debug|Any CPU
		{66314704-AA76-4153-80D8-CA2C5FF06976}.Debug|Mixed Platforms.Build.0 = Debug|Any CPU
		{66314704-AA76-4153-80D8-CA2C5FF06976}.Debug|x64.ActiveCfg = Debug|x64
		{66314704-AA76-4153-80D8-CA2C5FF06976}.Debug|x64.Build.0 = Debug|x64
		{66314704-AA76-4153-80D8-CA2C5FF06976}.Debug|x86.ActiveCfg = Release|Any CPU
		{66314704-AA76-4153-80D8-CA2C5FF06976}.Debug|x86.Build.0 = Release|Any CPU
		{66314704-AA76-4153-80D8-CA2C5FF06976}.Release|Any CPU.ActiveCfg = Release|Any CPU
		{66314704-AA76-4153-80D8-CA2C5FF06976}.Release|Any CPU.Build.0 = Release|Any CPU
		{66314704-AA76-4153-80D8-CA2C5FF06976}.Release|Mixed Platforms.ActiveCfg = Release|Any CPU
		{66314704-AA76-4153-80D8-CA2C5FF06976}.Release|Mixed Platforms.Build.0 = Release|Any CPU
		{66314704-AA76-4153-80D8-CA2C5FF06976}.Release|x64.ActiveCfg = Release|x64
		{66314704-AA76-4153-80D8-CA2C5FF06976}.Release|x64.Build.0 = Release|x64
		{66314704-AA76-4153-80D8-CA2C5FF06976}.Release|x86.ActiveCfg = Release|Any CPU
		{66314704-AA76-4153-80D8-CA2C5FF06976}.Release|x86.Build.0 = Release|Any CPU
		{3A9822B3-CCE4-441B-9C3E-D52817A994CA}.Debug|Any CPU.ActiveCfg = Debug|Any CPU
		{3A9822B3-CCE4-441B-9C3E-D52817A994CA}.Debug|Any CPU.Build.0 = Debug|Any CPU
		{3A9822B3-CCE4-441B-9C3E-D52817A994CA}.Debug|Mixed Platforms.ActiveCfg = Debug|Any CPU
		{3A9822B3-CCE4-441B-9C3E-D52817A994CA}.Debug|Mixed Platforms.Build.0 = Debug|Any CPU
		{3A9822B3-CCE4-441B-9C3E-D52817A994CA}.Debug|x64.ActiveCfg = Debug|x64
		{3A9822B3-CCE4-441B-9C3E-D52817A994CA}.Debug|x64.Build.0 = Debug|x64
		{3A9822B3-CCE4-441B-9C3E-D52817A994CA}.Debug|x86.ActiveCfg = Release|Any CPU
		{3A9822B3-CCE4-441B-9C3E-D52817A994CA}.Debug|x86.Build.0 = Release|Any CPU
		{3A9822B3-CCE4-441B-9C3E-D52817A994CA}.Release|Any CPU.ActiveCfg = Release|Any CPU
		{3A9822B3-CCE4-441B-9C3E-D52817A994CA}.Release|Any CPU.Build.0 = Release|Any CPU
		{3A9822B3-CCE4-441B-9C3E-D52817A994CA}.Release|Mixed Platforms.ActiveCfg = Release|Any CPU
		{3A9822B3-CCE4-441B-9C3E-D52817A994CA}.Release|Mixed Platforms.Build.0 = Release|Any CPU
		{3A9822B3-CCE4-441B-9C3E-D52817A994CA}.Release|x64.ActiveCfg = Release|x64
		{3A9822B3-CCE4-441B-9C3E-D52817A994CA}.Release|x64.Build.0 = Release|x64
		{3A9822B3-CCE4-441B-9C3E-D52817A994CA}.Release|x86.ActiveCfg = Release|Any CPU
		{3A9822B3-CCE4-441B-9C3E-D52817A994CA}.Release|x86.Build.0 = Release|Any CPU
		{5AA137A9-C158-4A4F-B07D-3DF787618C24}.Debug|Any CPU.ActiveCfg = Debug|Any CPU
		{5AA137A9-C158-4A4F-B07D-3DF787618C24}.Debug|Any CPU.Build.0 = Debug|Any CPU
		{5AA137A9-C158-4A4F-B07D-3DF787618C24}.Debug|Mixed Platforms.ActiveCfg = Debug|Any CPU
		{5AA137A9-C158-4A4F-B07D-3DF787618C24}.Debug|Mixed Platforms.Build.0 = Debug|Any CPU
		{5AA137A9-C158-4A4F-B07D-3DF787618C24}.Debug|x64.ActiveCfg = Debug|x64
		{5AA137A9-C158-4A4F-B07D-3DF787618C24}.Debug|x64.Build.0 = Debug|x64
		{5AA137A9-C158-4A4F-B07D-3DF787618C24}.Debug|x86.ActiveCfg = Release|Any CPU
		{5AA137A9-C158-4A4F-B07D-3DF787618C24}.Debug|x86.Build.0 = Release|Any CPU
		{5AA137A9-C158-4A4F-B07D-3DF787618C24}.Release|Any CPU.ActiveCfg = Release|Any CPU
		{5AA137A9-C158-4A4F-B07D-3DF787618C24}.Release|Any CPU.Build.0 = Release|Any CPU
		{5AA137A9-C158-4A4F-B07D-3DF787618C24}.Release|Mixed Platforms.ActiveCfg = Release|Any CPU
		{5AA137A9-C158-4A4F-B07D-3DF787618C24}.Release|Mixed Platforms.Build.0 = Release|Any CPU
		{5AA137A9-C158-4A4F-B07D-3DF787618C24}.Release|x64.ActiveCfg = Release|x64
		{5AA137A9-C158-4A4F-B07D-3DF787618C24}.Release|x64.Build.0 = Release|x64
		{5AA137A9-C158-4A4F-B07D-3DF787618C24}.Release|x86.ActiveCfg = Release|Any CPU
		{5AA137A9-C158-4A4F-B07D-3DF787618C24}.Release|x86.Build.0 = Release|Any CPU
		{A9C7E50A-1D3D-4C6D-9C56-8EA8925FE2D6}.Debug|Any CPU.ActiveCfg = Debug|Any CPU
		{A9C7E50A-1D3D-4C6D-9C56-8EA8925FE2D6}.Debug|Any CPU.Build.0 = Debug|Any CPU
		{A9C7E50A-1D3D-4C6D-9C56-8EA8925FE2D6}.Debug|Mixed Platforms.ActiveCfg = Debug|Any CPU
		{A9C7E50A-1D3D-4C6D-9C56-8EA8925FE2D6}.Debug|Mixed Platforms.Build.0 = Debug|Any CPU
		{A9C7E50A-1D3D-4C6D-9C56-8EA8925FE2D6}.Debug|x64.ActiveCfg = Debug|Any CPU
		{A9C7E50A-1D3D-4C6D-9C56-8EA8925FE2D6}.Debug|x86.ActiveCfg = Debug|Any CPU
		{A9C7E50A-1D3D-4C6D-9C56-8EA8925FE2D6}.Release|Any CPU.ActiveCfg = Release|Any CPU
		{A9C7E50A-1D3D-4C6D-9C56-8EA8925FE2D6}.Release|Any CPU.Build.0 = Release|Any CPU
		{A9C7E50A-1D3D-4C6D-9C56-8EA8925FE2D6}.Release|Mixed Platforms.ActiveCfg = Release|Any CPU
		{A9C7E50A-1D3D-4C6D-9C56-8EA8925FE2D6}.Release|Mixed Platforms.Build.0 = Release|Any CPU
		{A9C7E50A-1D3D-4C6D-9C56-8EA8925FE2D6}.Release|x64.ActiveCfg = Release|Any CPU
		{A9C7E50A-1D3D-4C6D-9C56-8EA8925FE2D6}.Release|x86.ActiveCfg = Release|Any CPU
		{28B43C12-C599-49CD-B712-92B5590A6F20}.Debug|Any CPU.ActiveCfg = Debug|Any CPU
		{28B43C12-C599-49CD-B712-92B5590A6F20}.Debug|Any CPU.Build.0 = Debug|Any CPU
		{28B43C12-C599-49CD-B712-92B5590A6F20}.Debug|Mixed Platforms.ActiveCfg = Debug|Any CPU
		{28B43C12-C599-49CD-B712-92B5590A6F20}.Debug|Mixed Platforms.Build.0 = Debug|Any CPU
		{28B43C12-C599-49CD-B712-92B5590A6F20}.Debug|x64.ActiveCfg = Debug|Any CPU
		{28B43C12-C599-49CD-B712-92B5590A6F20}.Debug|x86.ActiveCfg = Debug|Any CPU
		{28B43C12-C599-49CD-B712-92B5590A6F20}.Release|Any CPU.ActiveCfg = Release|Any CPU
		{28B43C12-C599-49CD-B712-92B5590A6F20}.Release|Any CPU.Build.0 = Release|Any CPU
		{28B43C12-C599-49CD-B712-92B5590A6F20}.Release|Mixed Platforms.ActiveCfg = Release|Any CPU
		{28B43C12-C599-49CD-B712-92B5590A6F20}.Release|Mixed Platforms.Build.0 = Release|Any CPU
		{28B43C12-C599-49CD-B712-92B5590A6F20}.Release|x64.ActiveCfg = Release|Any CPU
		{28B43C12-C599-49CD-B712-92B5590A6F20}.Release|x86.ActiveCfg = Release|Any CPU
		{DFB8AA0E-A144-49E3-976B-AD03BF2A55E7}.Debug|Any CPU.ActiveCfg = Debug|Any CPU
		{DFB8AA0E-A144-49E3-976B-AD03BF2A55E7}.Debug|Any CPU.Build.0 = Debug|Any CPU
		{DFB8AA0E-A144-49E3-976B-AD03BF2A55E7}.Debug|Mixed Platforms.ActiveCfg = Debug|Any CPU
		{DFB8AA0E-A144-49E3-976B-AD03BF2A55E7}.Debug|Mixed Platforms.Build.0 = Debug|Any CPU
		{DFB8AA0E-A144-49E3-976B-AD03BF2A55E7}.Debug|x64.ActiveCfg = Debug|Any CPU
		{DFB8AA0E-A144-49E3-976B-AD03BF2A55E7}.Debug|x86.ActiveCfg = Debug|Any CPU
		{DFB8AA0E-A144-49E3-976B-AD03BF2A55E7}.Release|Any CPU.ActiveCfg = Release|Any CPU
		{DFB8AA0E-A144-49E3-976B-AD03BF2A55E7}.Release|Any CPU.Build.0 = Release|Any CPU
		{DFB8AA0E-A144-49E3-976B-AD03BF2A55E7}.Release|Mixed Platforms.ActiveCfg = Release|Any CPU
		{DFB8AA0E-A144-49E3-976B-AD03BF2A55E7}.Release|Mixed Platforms.Build.0 = Release|Any CPU
		{DFB8AA0E-A144-49E3-976B-AD03BF2A55E7}.Release|x64.ActiveCfg = Release|Any CPU
		{DFB8AA0E-A144-49E3-976B-AD03BF2A55E7}.Release|x86.ActiveCfg = Release|Any CPU
		{1AD339DC-60E0-4334-86CF-60EEAFEAA6E4}.Debug|Any CPU.ActiveCfg = Debug|Any CPU
		{1AD339DC-60E0-4334-86CF-60EEAFEAA6E4}.Debug|Any CPU.Build.0 = Debug|Any CPU
		{1AD339DC-60E0-4334-86CF-60EEAFEAA6E4}.Debug|Mixed Platforms.ActiveCfg = Debug|Any CPU
		{1AD339DC-60E0-4334-86CF-60EEAFEAA6E4}.Debug|Mixed Platforms.Build.0 = Debug|Any CPU
		{1AD339DC-60E0-4334-86CF-60EEAFEAA6E4}.Debug|x64.ActiveCfg = Debug|Any CPU
		{1AD339DC-60E0-4334-86CF-60EEAFEAA6E4}.Debug|x86.ActiveCfg = Debug|Any CPU
		{1AD339DC-60E0-4334-86CF-60EEAFEAA6E4}.Release|Any CPU.ActiveCfg = Release|Any CPU
		{1AD339DC-60E0-4334-86CF-60EEAFEAA6E4}.Release|Any CPU.Build.0 = Release|Any CPU
		{1AD339DC-60E0-4334-86CF-60EEAFEAA6E4}.Release|Mixed Platforms.ActiveCfg = Release|Any CPU
		{1AD339DC-60E0-4334-86CF-60EEAFEAA6E4}.Release|Mixed Platforms.Build.0 = Release|Any CPU
		{1AD339DC-60E0-4334-86CF-60EEAFEAA6E4}.Release|x64.ActiveCfg = Release|Any CPU
		{1AD339DC-60E0-4334-86CF-60EEAFEAA6E4}.Release|x86.ActiveCfg = Release|Any CPU
	EndGlobalSection
	GlobalSection(SolutionProperties) = preSolution
		HideSolutionNode = FALSE
	EndGlobalSection
	GlobalSection(NestedProjects) = preSolution
		{3F730647-FE31-4907-8A6E-A0C4A0C970EA} = {DA70ECE5-216D-43A1-9E14-902E06050B8E}
		{6AEEBCF9-90B3-4594-B015-8BBBE9E126EF} = {DA70ECE5-216D-43A1-9E14-902E06050B8E}
		{66314704-AA76-4153-80D8-CA2C5FF06976} = {DA70ECE5-216D-43A1-9E14-902E06050B8E}
		{3A9822B3-CCE4-441B-9C3E-D52817A994CA} = {DA70ECE5-216D-43A1-9E14-902E06050B8E}
		{5AA137A9-C158-4A4F-B07D-3DF787618C24} = {DA70ECE5-216D-43A1-9E14-902E06050B8E}
		{A9C7E50A-1D3D-4C6D-9C56-8EA8925FE2D6} = {C6B7BEE9-9968-4C0F-B584-4FE09E421B24}
		{28B43C12-C599-49CD-B712-92B5590A6F20} = {C6B7BEE9-9968-4C0F-B584-4FE09E421B24}
		{DFB8AA0E-A144-49E3-976B-AD03BF2A55E7} = {C6B7BEE9-9968-4C0F-B584-4FE09E421B24}
		{1AD339DC-60E0-4334-86CF-60EEAFEAA6E4} = {DA70ECE5-216D-43A1-9E14-902E06050B8E}
	EndGlobalSection
EndGlobal
