
Microsoft Visual Studio Solution File, Format Version 12.00
# Visual Studio 2012
Project("{FAE04EC0-301F-11D3-BF4B-00C04F79EFBC}") = "NBi.Core", "NBi.Core\NBi.Core.csproj", "{3F730647-FE31-4907-8A6E-A0C4A0C970EA}"
EndProject
Project("{FAE04EC0-301F-11D3-BF4B-00C04F79EFBC}") = "NBi.Testing", "NBi.Testing\NBi.Testing.csproj", "{6AEEBCF9-90B3-4594-B015-8BBBE9E126EF}"
EndProject
Project("{2150E333-8FDC-42A3-9474-1A3956D46DE8}") = "NBi", "NBi", "{DA70ECE5-216D-43A1-9E14-902E06050B8E}"
	ProjectSection(SolutionItems) = preProject
		GlobalAssemblyInfo.cs = GlobalAssemblyInfo.cs
	EndProjectSection
EndProject
Project("{FAE04EC0-301F-11D3-BF4B-00C04F79EFBC}") = "NBi.NUnit", "NBi.NUnit\NBi.NUnit.csproj", "{66314704-AA76-4153-80D8-CA2C5FF06976}"
EndProject
Project("{FAE04EC0-301F-11D3-BF4B-00C04F79EFBC}") = "NBi.Xml", "NBi.Xml\NBi.Xml.csproj", "{3A9822B3-CCE4-441B-9C3E-D52817A994CA}"
EndProject
Project("{FAE04EC0-301F-11D3-BF4B-00C04F79EFBC}") = "NBi.UI", "NBi.UI\NBi.UI.csproj", "{18ED64E4-7D72-4A2C-9CD8-46F732D287ED}"
EndProject
Project("{FAE04EC0-301F-11D3-BF4B-00C04F79EFBC}") = "NBi.NUnit.Runtime", "NBi.NUnit.Runtime\NBi.NUnit.Runtime.csproj", "{5AA137A9-C158-4A4F-B07D-3DF787618C24}"
EndProject
Project("{2150E333-8FDC-42A3-9474-1A3956D46DE8}") = ".nuget", ".nuget", "{C217FD2D-79B4-4A88-B900-C4DD5FD6F92D}"
	ProjectSection(SolutionItems) = preProject
		.nuget\NuGet.Config = .nuget\NuGet.Config
		.nuget\NuGet.exe = .nuget\NuGet.exe
		.nuget\NuGet.targets = .nuget\NuGet.targets
	EndProjectSection
EndProject
Global
	GlobalSection(SolutionConfigurationPlatforms) = preSolution
		Debug|Any CPU = Debug|Any CPU
		Debug|Mixed Platforms = Debug|Mixed Platforms
		Debug|x86 = Debug|x86
		Release|Any CPU = Release|Any CPU
		Release|Mixed Platforms = Release|Mixed Platforms
		Release|x86 = Release|x86
	EndGlobalSection
	GlobalSection(ProjectConfigurationPlatforms) = postSolution
		{3F730647-FE31-4907-8A6E-A0C4A0C970EA}.Debug|Any CPU.ActiveCfg = Debug|Any CPU
		{3F730647-FE31-4907-8A6E-A0C4A0C970EA}.Debug|Any CPU.Build.0 = Debug|Any CPU
		{3F730647-FE31-4907-8A6E-A0C4A0C970EA}.Debug|Mixed Platforms.ActiveCfg = Debug|Any CPU
		{3F730647-FE31-4907-8A6E-A0C4A0C970EA}.Debug|Mixed Platforms.Build.0 = Debug|Any CPU
		{3F730647-FE31-4907-8A6E-A0C4A0C970EA}.Debug|x86.ActiveCfg = Debug|Any CPU
		{3F730647-FE31-4907-8A6E-A0C4A0C970EA}.Release|Any CPU.ActiveCfg = Release|Any CPU
		{3F730647-FE31-4907-8A6E-A0C4A0C970EA}.Release|Any CPU.Build.0 = Release|Any CPU
		{3F730647-FE31-4907-8A6E-A0C4A0C970EA}.Release|Mixed Platforms.ActiveCfg = Release|Any CPU
		{3F730647-FE31-4907-8A6E-A0C4A0C970EA}.Release|Mixed Platforms.Build.0 = Release|Any CPU
		{3F730647-FE31-4907-8A6E-A0C4A0C970EA}.Release|x86.ActiveCfg = Release|Any CPU
		{6AEEBCF9-90B3-4594-B015-8BBBE9E126EF}.Debug|Any CPU.ActiveCfg = Debug|Any CPU
		{6AEEBCF9-90B3-4594-B015-8BBBE9E126EF}.Debug|Any CPU.Build.0 = Debug|Any CPU
		{6AEEBCF9-90B3-4594-B015-8BBBE9E126EF}.Debug|Mixed Platforms.ActiveCfg = Debug|Any CPU
		{6AEEBCF9-90B3-4594-B015-8BBBE9E126EF}.Debug|Mixed Platforms.Build.0 = Debug|Any CPU
		{6AEEBCF9-90B3-4594-B015-8BBBE9E126EF}.Debug|x86.ActiveCfg = Debug|Any CPU
		{6AEEBCF9-90B3-4594-B015-8BBBE9E126EF}.Release|Any CPU.ActiveCfg = Release|Any CPU
		{6AEEBCF9-90B3-4594-B015-8BBBE9E126EF}.Release|Any CPU.Build.0 = Release|Any CPU
		{6AEEBCF9-90B3-4594-B015-8BBBE9E126EF}.Release|Mixed Platforms.ActiveCfg = Release|Any CPU
		{6AEEBCF9-90B3-4594-B015-8BBBE9E126EF}.Release|Mixed Platforms.Build.0 = Release|Any CPU
		{6AEEBCF9-90B3-4594-B015-8BBBE9E126EF}.Release|x86.ActiveCfg = Release|Any CPU
		{66314704-AA76-4153-80D8-CA2C5FF06976}.Debug|Any CPU.ActiveCfg = Debug|Any CPU
		{66314704-AA76-4153-80D8-CA2C5FF06976}.Debug|Any CPU.Build.0 = Debug|Any CPU
		{66314704-AA76-4153-80D8-CA2C5FF06976}.Debug|Mixed Platforms.ActiveCfg = Debug|Any CPU
		{66314704-AA76-4153-80D8-CA2C5FF06976}.Debug|Mixed Platforms.Build.0 = Debug|Any CPU
		{66314704-AA76-4153-80D8-CA2C5FF06976}.Debug|x86.ActiveCfg = Debug|Any CPU
		{66314704-AA76-4153-80D8-CA2C5FF06976}.Release|Any CPU.ActiveCfg = Release|Any CPU
		{66314704-AA76-4153-80D8-CA2C5FF06976}.Release|Any CPU.Build.0 = Release|Any CPU
		{66314704-AA76-4153-80D8-CA2C5FF06976}.Release|Mixed Platforms.ActiveCfg = Release|Any CPU
		{66314704-AA76-4153-80D8-CA2C5FF06976}.Release|Mixed Platforms.Build.0 = Release|Any CPU
		{66314704-AA76-4153-80D8-CA2C5FF06976}.Release|x86.ActiveCfg = Release|Any CPU
		{3A9822B3-CCE4-441B-9C3E-D52817A994CA}.Debug|Any CPU.ActiveCfg = Debug|Any CPU
		{3A9822B3-CCE4-441B-9C3E-D52817A994CA}.Debug|Any CPU.Build.0 = Debug|Any CPU
		{3A9822B3-CCE4-441B-9C3E-D52817A994CA}.Debug|Mixed Platforms.ActiveCfg = Debug|Any CPU
		{3A9822B3-CCE4-441B-9C3E-D52817A994CA}.Debug|Mixed Platforms.Build.0 = Debug|Any CPU
		{3A9822B3-CCE4-441B-9C3E-D52817A994CA}.Debug|x86.ActiveCfg = Debug|Any CPU
		{3A9822B3-CCE4-441B-9C3E-D52817A994CA}.Release|Any CPU.ActiveCfg = Release|Any CPU
		{3A9822B3-CCE4-441B-9C3E-D52817A994CA}.Release|Any CPU.Build.0 = Release|Any CPU
		{3A9822B3-CCE4-441B-9C3E-D52817A994CA}.Release|Mixed Platforms.ActiveCfg = Release|Any CPU
		{3A9822B3-CCE4-441B-9C3E-D52817A994CA}.Release|Mixed Platforms.Build.0 = Release|Any CPU
		{3A9822B3-CCE4-441B-9C3E-D52817A994CA}.Release|x86.ActiveCfg = Release|Any CPU
		{18ED64E4-7D72-4A2C-9CD8-46F732D287ED}.Debug|Any CPU.ActiveCfg = Debug|x86
		{18ED64E4-7D72-4A2C-9CD8-46F732D287ED}.Debug|Any CPU.Build.0 = Debug|x86
		{18ED64E4-7D72-4A2C-9CD8-46F732D287ED}.Debug|Mixed Platforms.ActiveCfg = Debug|x86
		{18ED64E4-7D72-4A2C-9CD8-46F732D287ED}.Debug|Mixed Platforms.Build.0 = Debug|x86
		{18ED64E4-7D72-4A2C-9CD8-46F732D287ED}.Debug|x86.ActiveCfg = Debug|x86
		{18ED64E4-7D72-4A2C-9CD8-46F732D287ED}.Debug|x86.Build.0 = Debug|x86
		{18ED64E4-7D72-4A2C-9CD8-46F732D287ED}.Release|Any CPU.ActiveCfg = Release|x86
		{18ED64E4-7D72-4A2C-9CD8-46F732D287ED}.Release|Mixed Platforms.ActiveCfg = Release|x86
		{18ED64E4-7D72-4A2C-9CD8-46F732D287ED}.Release|Mixed Platforms.Build.0 = Release|x86
		{18ED64E4-7D72-4A2C-9CD8-46F732D287ED}.Release|x86.ActiveCfg = Release|x86
		{18ED64E4-7D72-4A2C-9CD8-46F732D287ED}.Release|x86.Build.0 = Release|x86
		{5AA137A9-C158-4A4F-B07D-3DF787618C24}.Debug|Any CPU.ActiveCfg = Debug|Any CPU
		{5AA137A9-C158-4A4F-B07D-3DF787618C24}.Debug|Any CPU.Build.0 = Debug|Any CPU
		{5AA137A9-C158-4A4F-B07D-3DF787618C24}.Debug|Mixed Platforms.ActiveCfg = Debug|Any CPU
		{5AA137A9-C158-4A4F-B07D-3DF787618C24}.Debug|Mixed Platforms.Build.0 = Debug|Any CPU
		{5AA137A9-C158-4A4F-B07D-3DF787618C24}.Debug|x86.ActiveCfg = Debug|Any CPU
		{5AA137A9-C158-4A4F-B07D-3DF787618C24}.Release|Any CPU.ActiveCfg = Release|Any CPU
		{5AA137A9-C158-4A4F-B07D-3DF787618C24}.Release|Any CPU.Build.0 = Release|Any CPU
		{5AA137A9-C158-4A4F-B07D-3DF787618C24}.Release|Mixed Platforms.ActiveCfg = Release|Any CPU
		{5AA137A9-C158-4A4F-B07D-3DF787618C24}.Release|Mixed Platforms.Build.0 = Release|Any CPU
		{5AA137A9-C158-4A4F-B07D-3DF787618C24}.Release|x86.ActiveCfg = Release|Any CPU
	EndGlobalSection
	GlobalSection(SolutionProperties) = preSolution
		HideSolutionNode = FALSE
	EndGlobalSection
	GlobalSection(NestedProjects) = preSolution
		{6AEEBCF9-90B3-4594-B015-8BBBE9E126EF} = {DA70ECE5-216D-43A1-9E14-902E06050B8E}
		{3F730647-FE31-4907-8A6E-A0C4A0C970EA} = {DA70ECE5-216D-43A1-9E14-902E06050B8E}
		{66314704-AA76-4153-80D8-CA2C5FF06976} = {DA70ECE5-216D-43A1-9E14-902E06050B8E}
		{3A9822B3-CCE4-441B-9C3E-D52817A994CA} = {DA70ECE5-216D-43A1-9E14-902E06050B8E}
		{18ED64E4-7D72-4A2C-9CD8-46F732D287ED} = {DA70ECE5-216D-43A1-9E14-902E06050B8E}
		{5AA137A9-C158-4A4F-B07D-3DF787618C24} = {DA70ECE5-216D-43A1-9E14-902E06050B8E}
	EndGlobalSection
EndGlobal
